
Microsoft Visual Studio Solution File, Format Version 12.00
# Visual Studio 14
VisualStudioVersion = 14.0.25420.1
MinimumVisualStudioVersion = 10.0.40219.1
Project("{FAE04EC0-301F-11D3-BF4B-00C04F79EFBC}") = "eVisitor", "eVisitor\eVisitor.csproj", "{80A81D1E-4A2B-4072-BAD2-5379357FDAC2}"
EndProject
Project("{FAE04EC0-301F-11D3-BF4B-00C04F79EFBC}") = "eVisitor.Tests", "eVisitor.Tests\eVisitor.Tests.csproj", "{5017377B-4CDD-48E2-BA86-8568EC60DB08}"
EndProject
Project("{FAE04EC0-301F-11D3-BF4B-00C04F79EFBC}") = "eVisitor.Tests.Integration", "eVisitor.Tests.Integration\eVisitor.Tests.Integration.csproj", "{FDAF9381-7285-4C34-AFCB-D94E9D3D2EE0}"
EndProject
Global
	GlobalSection(SolutionConfigurationPlatforms) = preSolution
		Debug|Any CPU = Debug|Any CPU
		Release|Any CPU = Release|Any CPU
	EndGlobalSection
	GlobalSection(ProjectConfigurationPlatforms) = postSolution
		{80A81D1E-4A2B-4072-BAD2-5379357FDAC2}.Debug|Any CPU.ActiveCfg = Debug|Any CPU
		{80A81D1E-4A2B-4072-BAD2-5379357FDAC2}.Debug|Any CPU.Build.0 = Debug|Any CPU
		{80A81D1E-4A2B-4072-BAD2-5379357FDAC2}.Release|Any CPU.ActiveCfg = Release|Any CPU
		{80A81D1E-4A2B-4072-BAD2-5379357FDAC2}.Release|Any CPU.Build.0 = Release|Any CPU
		{5017377B-4CDD-48E2-BA86-8568EC60DB08}.Debug|Any CPU.ActiveCfg = Debug|Any CPU
		{5017377B-4CDD-48E2-BA86-8568EC60DB08}.Debug|Any CPU.Build.0 = Debug|Any CPU
		{5017377B-4CDD-48E2-BA86-8568EC60DB08}.Release|Any CPU.ActiveCfg = Release|Any CPU
		{5017377B-4CDD-48E2-BA86-8568EC60DB08}.Release|Any CPU.Build.0 = Release|Any CPU
		{FDAF9381-7285-4C34-AFCB-D94E9D3D2EE0}.Debug|Any CPU.ActiveCfg = Debug|Any CPU
		{FDAF9381-7285-4C34-AFCB-D94E9D3D2EE0}.Debug|Any CPU.Build.0 = Debug|Any CPU
		{FDAF9381-7285-4C34-AFCB-D94E9D3D2EE0}.Release|Any CPU.ActiveCfg = Release|Any CPU
		{FDAF9381-7285-4C34-AFCB-D94E9D3D2EE0}.Release|Any CPU.Build.0 = Release|Any CPU
	EndGlobalSection
	GlobalSection(SolutionProperties) = preSolution
		HideSolutionNode = FALSE
	EndGlobalSection
EndGlobal
